dependencies:
- name: common-lib
  repository: file://../common-lib
  version: 0.1.2
- name: authentik
  repository: https://charts.goauthentik.io
  version: 2025.8.3
- name: postgresql
  repository: https://charts.bitnami.com/bitnami
  version: 16.2.1
- name: redis
  repository: https://charts.bitnami.com/bitnami
  version: 20.3.0
digest: sha256:9b6e7e8080f56250a30f7b3e730b1976afd4daa98ee2d86100c0360294af04e9
generated: "2025-11-04T06:34:34.529072316-08:00"
