dependencies:
- name: authentik
  repository: https://charts.goauthentik.io
  version: 2025.8.3
- name: postgresql
  repository: https://charts.bitnami.com/bitnami
  version: 16.2.1
- name: redis
  repository: https://charts.bitnami.com/bitnami
  version: 20.3.0
digest: sha256:82b0e41da188a4308f0d39d3d13c2dbd3acd975ac5659e1162e8f1501673fe9e
generated: "2025-09-27T00:03:28.615096842-07:00"
